
Microsoft Visual Studio Solution File, Format Version 12.00
# Visual Studio Version 17
VisualStudioVersion = 17.12.35514.174
MinimumVisualStudioVersion = 10.0.40219.1
Project("{FAE04EC0-301F-11D3-BF4B-00C04F79EFBC}") = "Verify Duplicate Submissions For Core API", "Verify Duplicate Submissions For Core API.csproj", "{89CF25FF-494C-4C56-AD77-1A8A288BEA5A}"
EndProject
Global
	GlobalSection(SolutionConfigurationPlatforms) = preSolution
		Debug|Any CPU = Debug|Any CPU
		Release|Any CPU = Release|Any CPU
	EndGlobalSection
	GlobalSection(ProjectConfigurationPlatforms) = postSolution
		{89CF25FF-494C-4C56-AD77-1A8A288BEA5A}.Debug|Any CPU.ActiveCfg = Debug|Any CPU
		{89CF25FF-494C-4C56-AD77-1A8A288BEA5A}.Debug|Any CPU.Build.0 = Debug|Any CPU
		{89CF25FF-494C-4C56-AD77-1A8A288BEA5A}.Release|Any CPU.ActiveCfg = Release|Any CPU
		{89CF25FF-494C-4C56-AD77-1A8A288BEA5A}.Release|Any CPU.Build.0 = Release|Any CPU
	EndGlobalSection
	GlobalSection(SolutionProperties) = preSolution
		HideSolutionNode = FALSE
	EndGlobalSection
	GlobalSection(TeamFoundationVersionControl) = preSolution
		SccNumberOfProjects = 2
		SccEnterpriseProvider = {4CA58AB2-18FA-4F8D-95D4-32DDF27D184C}
		SccTeamFoundationServer = http://192.168.36.66:8080/tfs/crystal%20martin%20application%20system
		SccLocalPath0 = .
		SccProjectUniqueName1 = Verify\u0020Duplicate\u0020Submissions\u0020For\u0020Core\u0020API.csproj
		SccLocalPath1 = .
	EndGlobalSection
EndGlobal
